{
    "_meta": {
        "hash": {
            "sha256": "22b1121598fa22a7603f56c8a23e459f3e2e2dbc087f1ebc89e42d8eed841a97"
        },
        "pipfile-spec": 6,
        "requires": {},
        "sources": [
            {
                "name": "pypi",
                "url": "https://pypi.python.org/simple",
                "verify_ssl": true
            }
        ]
    },
    "default": {
        "aiml": {
            "hashes": [
                "sha256:1dc77d1cc2a7c29805c691e627f091652e41abc29ad70f5afad039a7f5c30393",
                "sha256:e294c4e62554c1745cfc20cf0c058e187731cf29888b1388d6e1de9af3564138"
            ],
            "version": "==0.9.1"
        },
        "pocketsphinx": {
            "hashes": [
                "sha256:019d2a2971f19aac3e319f2536fd1ff13b14ed9c7fbf9bc3440cb07fe261e5a4",
                "sha256:21d0cfdeb78910b22562504c7d9a53868f64b9040888cc193c03198a849e5dae",
                "sha256:2b06fea365b55a40a0e51510b1b62a1575f264a38516ad20b940c133d569f6ef",
                "sha256:2f5ec0f812c3e346efd8143427fe1064b3fdc10038396caae0aca7afcba782e1",
                "sha256:42c82f117009a7355f281932a5fe6bee1f68a432631712241c60d207ef267931",
                "sha256:4dc0af673eb6d0523237ea66f2f72f9be38021c3e702e07d67718afd02220cac",
                "sha256:59f6de8ec032dccf059e0c5c9f1a21df553b9cfb6f4d5ebcfe580634c849f376",
                "sha256:6701ef8b107605771b52d60a592b65bae093cf533c3c070bd2ddb2807c609fde",
                "sha256:7fc0d6de2c64448ff9370249723b9319c75ad2f524f0d57e30f80bf521fa26f1",
                "sha256:919503baba39604d6f1b8017a8fc239c41f77c7646748a0cc077001579a0bade",
                "sha256:9a254518c4ff7f57aec7bdc86792d391622768bbc348bb0e0ebb1cbcf55184da",
                "sha256:9cb4b05b16b805c3460a323304b907f3a3609bb3e969ed09e361273f6ed16681",
                "sha256:9cee94eb0e861f7bba0bd9081176cd48bb49909fabb01330c2d1d1c1b336e7b1",
                "sha256:9f932d7a6e2ec04ea8f0b019537fa0c92e702a226a02007223c55a46606c9568",
                "sha256:a57ab9c122540cd8b2d6a9658cbfa05197eb013120a9b91b11a49f96ce4f2a8c",
                "sha256:a65ea9e5c9218b529de7d5560d302bc95aa21741fd9564896fdf362e2cd0e82d",
                "sha256:ac125aadefc85ab78706a4d18ae66c3dcf89eb9e2a0cbd88c7a6086df420346d",
                "sha256:ba144654675157c3c5ab890c86cfefbd495790e1ad9f8be97f64738bb0e7e785",
                "sha256:c1951834ebc1c0bad31bb0bbb8337921e6333b63be1582f6fe2c14132cfba162",
                "sha256:cb3a4c5427de4975269f9d6fec975fc958431e3382f31921830fda08a8b795a6",
                "sha256:ccdc5fb5591649cd0edcdde541bc813b5f74bf5dd04872b937e551732eaa6847",
                "sha256:da40cac571b9f2113bd0446b7fcb9a0e6d5e190e283d16864680fa83d45e2383",
                "sha256:e05e0ed601916e78d4854b23ce3699cd287208d63143b0c38bc060dbe4ccbcec",
                "sha256:f6bfa8e9a08026c46061364f59e9af8b0f4049142d4f155d9f07229d9b2d8281",
                "sha256:fdbf33d926aece1c56fc7772fe7763f371eb8b0029ed85b498558aba15a8eb21"
            ],
            "version": "==0.1.3"
        },
        "pyaudio": {
            "hashes": [
                "sha256:0d92f6a294565260a282f7c9a0b0d309fc8cc988b5ee5b50645634ab9e2da7f7",
                "sha256:259bb9c1363be895b4f9a97e320a6017dd06bc540728c1a04eb4a7b6fe75035b",
                "sha256:2a19bdb8ec1445b4f3e4b7b109e0e4cec1fd1f1ce588592aeb6db0b58d4fb3b0",
                "sha256:51b558d1b28c68437b53218279110db44f69f3f5dd3d81859f569a4a96962bdc",
                "sha256:589bfad2c615dd4b5d3757e763019c42ab82f06fba5cae64ec02fd7f5ae407ed",
                "sha256:8f89075b4844ea94dde0c951c2937581c989fabd4df09bfd3f075035f50955df",
                "sha256:93bfde30e0b64e63a46f2fd77e85c41fd51182a4a3413d9edfaf9ffaa26efb74",
                "sha256:cf1543ba50bd44ac0d0ab5c035bb9c3127eb76047ff12235149d9adf86f532b6",
                "sha256:f78d543a98b730e64621ebf7f3e2868a79ade0a373882ef51c0293455ffa8e6e"
            ],
            "version": "==0.2.11"
        },
        "pyttsx3": {
            "hashes": [
                "sha256:03fd07429b21e99ba2d738d25d12328483fae9cb86de7ea9ac5a2617031d7261",
                "sha256:c3d67b54f10252b4254869c85280f48d7b914304fb726d0b41b170f2da3bf0f6"
            ],
            "version": "==2.7"
        },
        "speechrecognition": {
            "hashes": [
                "sha256:4d8f73a0c05ec70331c3bacaa89ecc06dfa8d9aba0899276664cda06ab597e8e"
            ],
            "version": "==3.8.1"
        }
    },
    "develop": {}
}
